
Microsoft Visual Studio Solution File, Format Version 12.00
# Visual Studio 15
VisualStudioVersion = 15.0.28307.572
MinimumVisualStudioVersion = 10.0.40219.1
Project("{FAE04EC0-301F-11D3-BF4B-00C04F79EFBC}") = "NvTimingsEd", "NvTimingsEd.csproj", "{64D644EC-DA60-456B-8EC2-C2AA2D44F0E8}"
EndProject
Global
	GlobalSection(SolutionConfigurationPlatforms) = preSolution
		Debug|Any CPU = Debug|Any CPU
		Release|Any CPU = Release|Any CPU
	EndGlobalSection
	GlobalSection(ProjectConfigurationPlatforms) = postSolution
		{64D644EC-DA60-456B-8EC2-C2AA2D44F0E8}.Debug|Any CPU.ActiveCfg = Debug|Any CPU
		{64D644EC-DA60-456B-8EC2-C2AA2D44F0E8}.Debug|Any CPU.Build.0 = Debug|Any CPU
		{64D644EC-DA60-456B-8EC2-C2AA2D44F0E8}.Release|Any CPU.ActiveCfg = Release|Any CPU
		{64D644EC-DA60-456B-8EC2-C2AA2D44F0E8}.Release|Any CPU.Build.0 = Release|Any CPU
	EndGlobalSection
	GlobalSection(SolutionProperties) = preSolution
		HideSolutionNode = FALSE
	EndGlobalSection
	GlobalSection(ExtensibilityGlobals) = postSolution
		SolutionGuid = {3B13BBA6-B495-4084-89AB-652F0B4F8525}
	EndGlobalSection
EndGlobal
